
Microsoft Visual Studio Solution File, Format Version 12.00
# Visual Studio Version 17
VisualStudioVersion = 17.14.36414.22 d17.14
MinimumVisualStudioVersion = 10.0.40219.1
Project("{FAE04EC0-301F-11D3-BF4B-00C04F79EFBC}") = "Лаба-1.2", "Лаба-1.2\Лаба-1.2.csproj", "{D5C69744-DA07-4A63-B7AD-23C8091DC7CD}"
EndProject
Global
	GlobalSection(SolutionConfigurationPlatforms) = preSolution
		Debug|Any CPU = Debug|Any CPU
		Release|Any CPU = Release|Any CPU
	EndGlobalSection
	GlobalSection(ProjectConfigurationPlatforms) = postSolution
		{D5C69744-DA07-4A63-B7AD-23C8091DC7CD}.Debug|Any CPU.ActiveCfg = Debug|Any CPU
		{D5C69744-DA07-4A63-B7AD-23C8091DC7CD}.Debug|Any CPU.Build.0 = Debug|Any CPU
		{D5C69744-DA07-4A63-B7AD-23C8091DC7CD}.Release|Any CPU.ActiveCfg = Release|Any CPU
		{D5C69744-DA07-4A63-B7AD-23C8091DC7CD}.Release|Any CPU.Build.0 = Release|Any CPU
	EndGlobalSection
	GlobalSection(SolutionProperties) = preSolution
		HideSolutionNode = FALSE
	EndGlobalSection
	GlobalSection(ExtensibilityGlobals) = postSolution
		SolutionGuid = {0123343C-5B75-4DEB-B3B7-7799CA28B1FA}
	EndGlobalSection
EndGlobal
